
Microsoft Visual Studio Solution File, Format Version 12.00
# Visual Studio 15
Project("{FAE04EC0-301F-11D3-BF4B-00C04F79EFBC}") = "Colour_Rush", "Assembly-CSharp.csproj", "{1A93E8E9-3163-1FC6-7774-022C534B40D5}"
EndProject
Global
	GlobalSection(SolutionConfigurationPlatforms) = preSolution
		Debug|Any CPU = Debug|Any CPU
		Release|Any CPU = Release|Any CPU
	EndGlobalSection
	GlobalSection(ProjectConfigurationPlatforms) = postSolution
		{1A93E8E9-3163-1FC6-7774-022C534B40D5}.Debug|Any CPU.ActiveCfg = Debug|Any CPU
		{1A93E8E9-3163-1FC6-7774-022C534B40D5}.Debug|Any CPU.Build.0 = Debug|Any CPU
		{1A93E8E9-3163-1FC6-7774-022C534B40D5}.Release|Any CPU.ActiveCfg = Release|Any CPU
		{1A93E8E9-3163-1FC6-7774-022C534B40D5}.Release|Any CPU.Build.0 = Release|Any CPU
	EndGlobalSection
	GlobalSection(SolutionProperties) = preSolution
		HideSolutionNode = FALSE
	EndGlobalSection
EndGlobal
